
Microsoft Visual Studio Solution File, Format Version 12.00
# Visual Studio Version 17
VisualStudioVersion = 17.14.36221.1
MinimumVisualStudioVersion = 10.0.40219.1
Project("{F184B08F-C81C-45F6-A57F-5ABD9991F28F}") = "Project_SampleApp", "Project_SampleApp\Project_SampleApp.vbproj", "{01C4ACF7-08E6-428F-B103-2C12A0FE6FC7}"
EndProject
Project("{F184B08F-C81C-45F6-A57F-5ABD9991F28F}") = "Library_AppTemplate", "Library_AppTemplate\Library_AppTemplate.vbproj", "{DD5E1832-8E00-4327-B9AD-80BB25C5646B}"
EndProject
Project("{F184B08F-C81C-45F6-A57F-5ABD9991F28F}") = "Project_ConvertXMLtoXSD_STDINOUT", "Project_ConvertXMLtoXSD_STDINOUT\Project_ConvertXMLtoXSD_STDINOUT.vbproj", "{DDF70BA9-5B21-4B44-B980-AFC9A8DA2229}"
EndProject
Project("{F184B08F-C81C-45F6-A57F-5ABD9991F28F}") = "Project_ReshapeXSD_STDINOUT", "Project_ReshapeXSD_STDINOUT\Project_ReshapeXSD_STDINOUT.vbproj", "{25E428FF-A260-4F37-96DC-B0C7DE3EC0BF}"
EndProject
Global
	GlobalSection(SolutionConfigurationPlatforms) = preSolution
		Debug|Any CPU = Debug|Any CPU
		Debug|x64 = Debug|x64
		Debug|x86 = Debug|x86
		Release|Any CPU = Release|Any CPU
		Release|x64 = Release|x64
		Release|x86 = Release|x86
	EndGlobalSection
	GlobalSection(ProjectConfigurationPlatforms) = postSolution
		{01C4ACF7-08E6-428F-B103-2C12A0FE6FC7}.Debug|Any CPU.ActiveCfg = Debug|Any CPU
		{01C4ACF7-08E6-428F-B103-2C12A0FE6FC7}.Debug|Any CPU.Build.0 = Debug|Any CPU
		{01C4ACF7-08E6-428F-B103-2C12A0FE6FC7}.Debug|x64.ActiveCfg = Debug|Any CPU
		{01C4ACF7-08E6-428F-B103-2C12A0FE6FC7}.Debug|x64.Build.0 = Debug|Any CPU
		{01C4ACF7-08E6-428F-B103-2C12A0FE6FC7}.Debug|x86.ActiveCfg = Debug|Any CPU
		{01C4ACF7-08E6-428F-B103-2C12A0FE6FC7}.Debug|x86.Build.0 = Debug|Any CPU
		{01C4ACF7-08E6-428F-B103-2C12A0FE6FC7}.Release|Any CPU.ActiveCfg = Release|Any CPU
		{01C4ACF7-08E6-428F-B103-2C12A0FE6FC7}.Release|Any CPU.Build.0 = Release|Any CPU
		{01C4ACF7-08E6-428F-B103-2C12A0FE6FC7}.Release|x64.ActiveCfg = Release|Any CPU
		{01C4ACF7-08E6-428F-B103-2C12A0FE6FC7}.Release|x64.Build.0 = Release|Any CPU
		{01C4ACF7-08E6-428F-B103-2C12A0FE6FC7}.Release|x86.ActiveCfg = Release|Any CPU
		{01C4ACF7-08E6-428F-B103-2C12A0FE6FC7}.Release|x86.Build.0 = Release|Any CPU
		{DD5E1832-8E00-4327-B9AD-80BB25C5646B}.Debug|Any CPU.ActiveCfg = Debug|Any CPU
		{DD5E1832-8E00-4327-B9AD-80BB25C5646B}.Debug|Any CPU.Build.0 = Debug|Any CPU
		{DD5E1832-8E00-4327-B9AD-80BB25C5646B}.Debug|x64.ActiveCfg = Debug|Any CPU
		{DD5E1832-8E00-4327-B9AD-80BB25C5646B}.Debug|x64.Build.0 = Debug|Any CPU
		{DD5E1832-8E00-4327-B9AD-80BB25C5646B}.Debug|x86.ActiveCfg = Debug|Any CPU
		{DD5E1832-8E00-4327-B9AD-80BB25C5646B}.Debug|x86.Build.0 = Debug|Any CPU
		{DD5E1832-8E00-4327-B9AD-80BB25C5646B}.Release|Any CPU.ActiveCfg = Release|Any CPU
		{DD5E1832-8E00-4327-B9AD-80BB25C5646B}.Release|Any CPU.Build.0 = Release|Any CPU
		{DD5E1832-8E00-4327-B9AD-80BB25C5646B}.Release|x64.ActiveCfg = Release|Any CPU
		{DD5E1832-8E00-4327-B9AD-80BB25C5646B}.Release|x64.Build.0 = Release|Any CPU
		{DD5E1832-8E00-4327-B9AD-80BB25C5646B}.Release|x86.ActiveCfg = Release|Any CPU
		{DD5E1832-8E00-4327-B9AD-80BB25C5646B}.Release|x86.Build.0 = Release|Any CPU
		{DDF70BA9-5B21-4B44-B980-AFC9A8DA2229}.Debug|Any CPU.ActiveCfg = Debug|Any CPU
		{DDF70BA9-5B21-4B44-B980-AFC9A8DA2229}.Debug|Any CPU.Build.0 = Debug|Any CPU
		{DDF70BA9-5B21-4B44-B980-AFC9A8DA2229}.Debug|x64.ActiveCfg = Debug|Any CPU
		{DDF70BA9-5B21-4B44-B980-AFC9A8DA2229}.Debug|x64.Build.0 = Debug|Any CPU
		{DDF70BA9-5B21-4B44-B980-AFC9A8DA2229}.Debug|x86.ActiveCfg = Debug|Any CPU
		{DDF70BA9-5B21-4B44-B980-AFC9A8DA2229}.Debug|x86.Build.0 = Debug|Any CPU
		{DDF70BA9-5B21-4B44-B980-AFC9A8DA2229}.Release|Any CPU.ActiveCfg = Release|Any CPU
		{DDF70BA9-5B21-4B44-B980-AFC9A8DA2229}.Release|Any CPU.Build.0 = Release|Any CPU
		{DDF70BA9-5B21-4B44-B980-AFC9A8DA2229}.Release|x64.ActiveCfg = Release|Any CPU
		{DDF70BA9-5B21-4B44-B980-AFC9A8DA2229}.Release|x64.Build.0 = Release|Any CPU
		{DDF70BA9-5B21-4B44-B980-AFC9A8DA2229}.Release|x86.ActiveCfg = Release|Any CPU
		{DDF70BA9-5B21-4B44-B980-AFC9A8DA2229}.Release|x86.Build.0 = Release|Any CPU
		{25E428FF-A260-4F37-96DC-B0C7DE3EC0BF}.Debug|Any CPU.ActiveCfg = Debug|Any CPU
		{25E428FF-A260-4F37-96DC-B0C7DE3EC0BF}.Debug|Any CPU.Build.0 = Debug|Any CPU
		{25E428FF-A260-4F37-96DC-B0C7DE3EC0BF}.Debug|x64.ActiveCfg = Debug|Any CPU
		{25E428FF-A260-4F37-96DC-B0C7DE3EC0BF}.Debug|x64.Build.0 = Debug|Any CPU
		{25E428FF-A260-4F37-96DC-B0C7DE3EC0BF}.Debug|x86.ActiveCfg = Debug|Any CPU
		{25E428FF-A260-4F37-96DC-B0C7DE3EC0BF}.Debug|x86.Build.0 = Debug|Any CPU
		{25E428FF-A260-4F37-96DC-B0C7DE3EC0BF}.Release|Any CPU.ActiveCfg = Release|Any CPU
		{25E428FF-A260-4F37-96DC-B0C7DE3EC0BF}.Release|Any CPU.Build.0 = Release|Any CPU
		{25E428FF-A260-4F37-96DC-B0C7DE3EC0BF}.Release|x64.ActiveCfg = Release|Any CPU
		{25E428FF-A260-4F37-96DC-B0C7DE3EC0BF}.Release|x64.Build.0 = Release|Any CPU
		{25E428FF-A260-4F37-96DC-B0C7DE3EC0BF}.Release|x86.ActiveCfg = Release|Any CPU
		{25E428FF-A260-4F37-96DC-B0C7DE3EC0BF}.Release|x86.Build.0 = Release|Any CPU
	EndGlobalSection
	GlobalSection(SolutionProperties) = preSolution
		HideSolutionNode = FALSE
	EndGlobalSection
	GlobalSection(ExtensibilityGlobals) = postSolution
		SolutionGuid = {DBD795AF-BB0B-415E-AD33-8949485C3433}
	EndGlobalSection
EndGlobal
